
Microsoft Visual Studio Solution File, Format Version 12.00
# Visual Studio Version 18
VisualStudioVersion = 18.0.11222.15
MinimumVisualStudioVersion = 10.0.40219.1
Project("{9A19103F-16F7-4668-BE54-9A1E7A4F7556}") = "JAFDTC", "JAFDTC\JAFDTC.csproj", "{627F214D-A5DB-4A71-8EAE-340B6B30DD37}"
EndProject
Project("{54435603-DBB4-11D2-8724-00A0C9A8B90C}") = "JAFDTC Installer", "JAFDTC Installer\JAFDTC Installer.vdproj", "{1BB51507-3B1F-4A8F-A47D-D81637D1885B}"
EndProject
Project("{FAE04EC0-301F-11D3-BF4B-00C04F79EFBC}") = "JAFDTC.File.ACMI", "JAFDTC.TacView\JAFDTC.File.ACMI.csproj", "{FCD92CBD-A860-4F01-BC2D-3D4B811BC382}"
EndProject
Project("{FAE04EC0-301F-11D3-BF4B-00C04F79EFBC}") = "JAFDTC.File.ACMI.Tests", "JAFDTC.TacView.Tests\JAFDTC.File.ACMI.Tests.csproj", "{0069F713-40F2-4C17-BCFC-F01E5BD18855}"
EndProject
Project("{FAE04EC0-301F-11D3-BF4B-00C04F79EFBC}") = "JAFDTC.Models", "JAFDTC.Models\JAFDTC.Models.csproj", "{E89564B7-825B-4B1A-B740-F9058419E9DD}"
EndProject
Global
	GlobalSection(SolutionConfigurationPlatforms) = preSolution
		Debug|Any CPU = Debug|Any CPU
		Debug|ARM64 = Debug|ARM64
		Debug|x64 = Debug|x64
		Debug|x86 = Debug|x86
		Release|Any CPU = Release|Any CPU
		Release|ARM64 = Release|ARM64
		Release|x64 = Release|x64
		Release|x86 = Release|x86
	EndGlobalSection
	GlobalSection(ProjectConfigurationPlatforms) = postSolution
		{627F214D-A5DB-4A71-8EAE-340B6B30DD37}.Debug|Any CPU.ActiveCfg = Debug|x64
		{627F214D-A5DB-4A71-8EAE-340B6B30DD37}.Debug|Any CPU.Build.0 = Debug|x64
		{627F214D-A5DB-4A71-8EAE-340B6B30DD37}.Debug|Any CPU.Deploy.0 = Debug|x64
		{627F214D-A5DB-4A71-8EAE-340B6B30DD37}.Debug|ARM64.ActiveCfg = Debug|ARM64
		{627F214D-A5DB-4A71-8EAE-340B6B30DD37}.Debug|ARM64.Build.0 = Debug|ARM64
		{627F214D-A5DB-4A71-8EAE-340B6B30DD37}.Debug|ARM64.Deploy.0 = Debug|ARM64
		{627F214D-A5DB-4A71-8EAE-340B6B30DD37}.Debug|x64.ActiveCfg = Debug|x64
		{627F214D-A5DB-4A71-8EAE-340B6B30DD37}.Debug|x64.Build.0 = Debug|x64
		{627F214D-A5DB-4A71-8EAE-340B6B30DD37}.Debug|x64.Deploy.0 = Debug|x64
		{627F214D-A5DB-4A71-8EAE-340B6B30DD37}.Debug|x86.ActiveCfg = Debug|x86
		{627F214D-A5DB-4A71-8EAE-340B6B30DD37}.Debug|x86.Build.0 = Debug|x86
		{627F214D-A5DB-4A71-8EAE-340B6B30DD37}.Debug|x86.Deploy.0 = Debug|x86
		{627F214D-A5DB-4A71-8EAE-340B6B30DD37}.Release|Any CPU.ActiveCfg = Release|x64
		{627F214D-A5DB-4A71-8EAE-340B6B30DD37}.Release|Any CPU.Build.0 = Release|x64
		{627F214D-A5DB-4A71-8EAE-340B6B30DD37}.Release|Any CPU.Deploy.0 = Release|x64
		{627F214D-A5DB-4A71-8EAE-340B6B30DD37}.Release|ARM64.ActiveCfg = Release|ARM64
		{627F214D-A5DB-4A71-8EAE-340B6B30DD37}.Release|ARM64.Build.0 = Release|ARM64
		{627F214D-A5DB-4A71-8EAE-340B6B30DD37}.Release|ARM64.Deploy.0 = Release|ARM64
		{627F214D-A5DB-4A71-8EAE-340B6B30DD37}.Release|x64.ActiveCfg = Release|x64
		{627F214D-A5DB-4A71-8EAE-340B6B30DD37}.Release|x64.Build.0 = Release|x64
		{627F214D-A5DB-4A71-8EAE-340B6B30DD37}.Release|x64.Deploy.0 = Release|x64
		{627F214D-A5DB-4A71-8EAE-340B6B30DD37}.Release|x86.ActiveCfg = Release|x86
		{627F214D-A5DB-4A71-8EAE-340B6B30DD37}.Release|x86.Build.0 = Release|x86
		{627F214D-A5DB-4A71-8EAE-340B6B30DD37}.Release|x86.Deploy.0 = Release|x86
		{1BB51507-3B1F-4A8F-A47D-D81637D1885B}.Debug|Any CPU.ActiveCfg = Debug
		{1BB51507-3B1F-4A8F-A47D-D81637D1885B}.Debug|Any CPU.Build.0 = Debug
		{1BB51507-3B1F-4A8F-A47D-D81637D1885B}.Debug|ARM64.ActiveCfg = Debug
		{1BB51507-3B1F-4A8F-A47D-D81637D1885B}.Debug|x64.ActiveCfg = Debug
		{1BB51507-3B1F-4A8F-A47D-D81637D1885B}.Debug|x86.ActiveCfg = Debug
		{1BB51507-3B1F-4A8F-A47D-D81637D1885B}.Debug|x86.Build.0 = Debug
		{1BB51507-3B1F-4A8F-A47D-D81637D1885B}.Release|Any CPU.ActiveCfg = Release
		{1BB51507-3B1F-4A8F-A47D-D81637D1885B}.Release|Any CPU.Build.0 = Release
		{1BB51507-3B1F-4A8F-A47D-D81637D1885B}.Release|ARM64.ActiveCfg = Release
		{1BB51507-3B1F-4A8F-A47D-D81637D1885B}.Release|x64.ActiveCfg = Release
		{1BB51507-3B1F-4A8F-A47D-D81637D1885B}.Release|x86.ActiveCfg = Release
		{FCD92CBD-A860-4F01-BC2D-3D4B811BC382}.Debug|Any CPU.ActiveCfg = Debug|Any CPU
		{FCD92CBD-A860-4F01-BC2D-3D4B811BC382}.Debug|Any CPU.Build.0 = Debug|Any CPU
		{FCD92CBD-A860-4F01-BC2D-3D4B811BC382}.Debug|ARM64.ActiveCfg = Debug|Any CPU
		{FCD92CBD-A860-4F01-BC2D-3D4B811BC382}.Debug|ARM64.Build.0 = Debug|Any CPU
		{FCD92CBD-A860-4F01-BC2D-3D4B811BC382}.Debug|x64.ActiveCfg = Debug|Any CPU
		{FCD92CBD-A860-4F01-BC2D-3D4B811BC382}.Debug|x64.Build.0 = Debug|Any CPU
		{FCD92CBD-A860-4F01-BC2D-3D4B811BC382}.Debug|x86.ActiveCfg = Debug|Any CPU
		{FCD92CBD-A860-4F01-BC2D-3D4B811BC382}.Debug|x86.Build.0 = Debug|Any CPU
		{FCD92CBD-A860-4F01-BC2D-3D4B811BC382}.Release|Any CPU.ActiveCfg = Release|Any CPU
		{FCD92CBD-A860-4F01-BC2D-3D4B811BC382}.Release|Any CPU.Build.0 = Release|Any CPU
		{FCD92CBD-A860-4F01-BC2D-3D4B811BC382}.Release|ARM64.ActiveCfg = Release|Any CPU
		{FCD92CBD-A860-4F01-BC2D-3D4B811BC382}.Release|ARM64.Build.0 = Release|Any CPU
		{FCD92CBD-A860-4F01-BC2D-3D4B811BC382}.Release|x64.ActiveCfg = Release|Any CPU
		{FCD92CBD-A860-4F01-BC2D-3D4B811BC382}.Release|x64.Build.0 = Release|Any CPU
		{FCD92CBD-A860-4F01-BC2D-3D4B811BC382}.Release|x86.ActiveCfg = Release|Any CPU
		{FCD92CBD-A860-4F01-BC2D-3D4B811BC382}.Release|x86.Build.0 = Release|Any CPU
		{0069F713-40F2-4C17-BCFC-F01E5BD18855}.Debug|Any CPU.ActiveCfg = Debug|Any CPU
		{0069F713-40F2-4C17-BCFC-F01E5BD18855}.Debug|Any CPU.Build.0 = Debug|Any CPU
		{0069F713-40F2-4C17-BCFC-F01E5BD18855}.Debug|ARM64.ActiveCfg = Debug|Any CPU
		{0069F713-40F2-4C17-BCFC-F01E5BD18855}.Debug|ARM64.Build.0 = Debug|Any CPU
		{0069F713-40F2-4C17-BCFC-F01E5BD18855}.Debug|x64.ActiveCfg = Debug|Any CPU
		{0069F713-40F2-4C17-BCFC-F01E5BD18855}.Debug|x64.Build.0 = Debug|Any CPU
		{0069F713-40F2-4C17-BCFC-F01E5BD18855}.Debug|x86.ActiveCfg = Debug|Any CPU
		{0069F713-40F2-4C17-BCFC-F01E5BD18855}.Debug|x86.Build.0 = Debug|Any CPU
		{0069F713-40F2-4C17-BCFC-F01E5BD18855}.Release|Any CPU.ActiveCfg = Release|Any CPU
		{0069F713-40F2-4C17-BCFC-F01E5BD18855}.Release|Any CPU.Build.0 = Release|Any CPU
		{0069F713-40F2-4C17-BCFC-F01E5BD18855}.Release|ARM64.ActiveCfg = Release|Any CPU
		{0069F713-40F2-4C17-BCFC-F01E5BD18855}.Release|ARM64.Build.0 = Release|Any CPU
		{0069F713-40F2-4C17-BCFC-F01E5BD18855}.Release|x64.ActiveCfg = Release|Any CPU
		{0069F713-40F2-4C17-BCFC-F01E5BD18855}.Release|x64.Build.0 = Release|Any CPU
		{0069F713-40F2-4C17-BCFC-F01E5BD18855}.Release|x86.ActiveCfg = Release|Any CPU
		{0069F713-40F2-4C17-BCFC-F01E5BD18855}.Release|x86.Build.0 = Release|Any CPU
		{E89564B7-825B-4B1A-B740-F9058419E9DD}.Debug|Any CPU.ActiveCfg = Debug|Any CPU
		{E89564B7-825B-4B1A-B740-F9058419E9DD}.Debug|Any CPU.Build.0 = Debug|Any CPU
		{E89564B7-825B-4B1A-B740-F9058419E9DD}.Debug|ARM64.ActiveCfg = Debug|Any CPU
		{E89564B7-825B-4B1A-B740-F9058419E9DD}.Debug|ARM64.Build.0 = Debug|Any CPU
		{E89564B7-825B-4B1A-B740-F9058419E9DD}.Debug|x64.ActiveCfg = Debug|Any CPU
		{E89564B7-825B-4B1A-B740-F9058419E9DD}.Debug|x64.Build.0 = Debug|Any CPU
		{E89564B7-825B-4B1A-B740-F9058419E9DD}.Debug|x86.ActiveCfg = Debug|Any CPU
		{E89564B7-825B-4B1A-B740-F9058419E9DD}.Debug|x86.Build.0 = Debug|Any CPU
		{E89564B7-825B-4B1A-B740-F9058419E9DD}.Release|Any CPU.ActiveCfg = Release|Any CPU
		{E89564B7-825B-4B1A-B740-F9058419E9DD}.Release|Any CPU.Build.0 = Release|Any CPU
		{E89564B7-825B-4B1A-B740-F9058419E9DD}.Release|ARM64.ActiveCfg = Release|Any CPU
		{E89564B7-825B-4B1A-B740-F9058419E9DD}.Release|ARM64.Build.0 = Release|Any CPU
		{E89564B7-825B-4B1A-B740-F9058419E9DD}.Release|x64.ActiveCfg = Release|Any CPU
		{E89564B7-825B-4B1A-B740-F9058419E9DD}.Release|x64.Build.0 = Release|Any CPU
		{E89564B7-825B-4B1A-B740-F9058419E9DD}.Release|x86.ActiveCfg = Release|Any CPU
		{E89564B7-825B-4B1A-B740-F9058419E9DD}.Release|x86.Build.0 = Release|Any CPU
	EndGlobalSection
	GlobalSection(SolutionProperties) = preSolution
		HideSolutionNode = FALSE
	EndGlobalSection
	GlobalSection(ExtensibilityGlobals) = postSolution
		SolutionGuid = {B7F0C3E7-5EC4-4150-B1AE-C544C9B4D0A2}
	EndGlobalSection
EndGlobal
